{
  "version": 4,
  "terraform_version": "1.1.0",
  "serial": 36,
  "lineage": "eeb99284-bffa-01c6-fe47-2ceeb9858d78",
  "outputs": {},
  "resources": [
    {
      "mode": "managed",
      "type": "google_compute_global_address",
      "name": "private_ip_address",
      "provider": "provider[\"registry.terraform.io/hashicorp/google\"]",
      "instances": [
        {
          "schema_version": 0,
          "attributes": {
            "address": "10.66.0.0",
            "address_type": "INTERNAL",
            "creation_timestamp": "2021-12-12T09:02:40.219-08:00",
            "description": "",
            "id": "projects/steam-current-329713/global/addresses/cinema-service",
            "ip_version": "",
            "name": "cinema-service",
            "network": "https://www.googleapis.com/compute/v1/projects/steam-current-329713/global/networks/default",
            "prefix_length": 16,
            "project": "steam-current-329713",
            "purpose": "VPC_PEERING",
            "self_link": "https://www.googleapis.com/compute/v1/projects/steam-current-329713/global/addresses/cinema-service",
            "timeouts": null
          },
          "sensitive_attributes": [],
          "private": "eyJlMmJmYjczMC1lY2FhLTExZTYtOGY4OC0zNDM2M2JjN2M0YzAiOnsiY3JlYXRlIjoyNDAwMDAwMDAwMDAsImRlbGV0ZSI6MjQwMDAwMDAwMDAwfX0="
        }
      ]
    },
    {
      "mode": "managed",
      "type": "google_service_networking_connection",
      "name": "private_vpc_connection",
      "provider": "provider[\"registry.terraform.io/hashicorp/google\"]",
      "instances": [
        {
          "schema_version": 0,
          "attributes": {
            "id": "projects%2Fsteam-current-329713%2Fglobal%2Fnetworks%2Fdefault:servicenetworking.googleapis.com",
            "network": "projects/steam-current-329713/global/networks/default",
            "peering": "servicenetworking-googleapis-com",
            "reserved_peering_ranges": [
              "cinema-service"
            ],
            "service": "servicenetworking.googleapis.com",
            "timeouts": null
          },
          "sensitive_attributes": [],
          "private": "eyJlMmJmYjczMC1lY2FhLTExZTYtOGY4OC0zNDM2M2JjN2M0YzAiOnsiY3JlYXRlIjo2MDAwMDAwMDAwMDAsImRlbGV0ZSI6NjAwMDAwMDAwMDAwLCJ1cGRhdGUiOjYwMDAwMDAwMDAwMH19",
          "dependencies": [
            "google_compute_global_address.private_ip_address"
          ]
        }
      ]
    },
    {
      "module": "module.db",
      "mode": "managed",
      "type": "google_sql_database_instance",
      "name": "db_postgres",
      "provider": "provider[\"registry.terraform.io/hashicorp/google\"]",
      "instances": [
        {
          "schema_version": 0,
          "attributes": {
            "clone": [],
            "connection_name": "steam-current-329713:europe-west1:cinema-host",
            "database_version": "POSTGRES_12",
            "deletion_protection": false,
            "first_ip_address": "10.66.0.3",
            "id": "cinema-host",
            "ip_address": [
              {
                "ip_address": "10.66.0.3",
                "time_to_retire": "",
                "type": "PRIVATE"
              }
            ],
            "master_instance_name": "",
            "name": "cinema-host",
            "private_ip_address": "10.66.0.3",
            "project": "steam-current-329713",
            "public_ip_address": "",
            "region": "europe-west1",
            "replica_configuration": [],
            "restore_backup_context": [],
            "root_password": null,
            "self_link": "https://sqladmin.googleapis.com/sql/v1beta4/projects/steam-current-329713/instances/cinema-host",
            "server_ca_cert": [
              {
                "cert": "-----BEGIN CERTIFICATE-----\nMIIDfzCCAmegAwIBAgIBADANBgkqhkiG9w0BAQsFADB3MS0wKwYDVQQuEyQ2MDQw\nYWFmYS00Y2ExLTQ3ZDAtODE5MC1lZTBhMzE5OGY4MDcxIzAhBgNVBAMTGkdvb2ds\nZSBDbG91ZCBTUUwgU2VydmVyIENBMRQwEgYDVQQKEwtHb29nbGUsIEluYzELMAkG\nA1UEBhMCVVMwHhcNMjExMjEyMTcxNDA4WhcNMzExMjEwMTcxNTA4WjB3MS0wKwYD\nVQQuEyQ2MDQwYWFmYS00Y2ExLTQ3ZDAtODE5MC1lZTBhMzE5OGY4MDcxIzAhBgNV\nBAMTGkdvb2dsZSBDbG91ZCBTUUwgU2VydmVyIENBMRQwEgYDVQQKEwtHb29nbGUs\nIEluYzELMAkGA1UEBhMCVVMwggEiMA0GCSqGSIb3DQEBAQUAA4IBDwAwggEKAoIB\nAQCIxwXwmuNZJSNSa+kFQZWrYIp9m3oIMEzHX/SUhGL9nT8cRkPQ/PNoRFm8hZV1\nXJmTtXU3nMiY0UOAka8lAQ2I9LEKk3tLn/AloNPKjZxa4gmRUVjPqflB+8Us8UF9\n5/uP50MYjAcMKXuCTg6iBa88jsTLUE31V3Pkd/UeXgJh5BYfaGz+oD9RfkX13eDJ\nS65uhw+AQClURw1iFSST1V3g4aZYJiBRx07Q5W9HdewqoV7BtA8aEbvgXdhDND0C\nXdbDTJFD+2yRaJzUR2rnN5ysplt08DmxNVQfekWq/uUL+dqVp3NmTzVg+mTA6PK/\n0pDuRfWsDRaH3i4qXPMx+W7lAgMBAAGjFjAUMBIGA1UdEwEB/wQIMAYBAf8CAQAw\nDQYJKoZIhvcNAQELBQADggEBAG5CFDaeAluAUXwOwhGRzVH+si4Art2/EuPl1rxy\nsQiTonCxXzLC/Qo6w4YRAs3qxHx2u8fmoxmDtj2FBhaXL6603ODn2D6nJZ26Y6NK\nVpLOETqF4rMQERklkhRVlou94OQ3CMe9uwzTaa3aK0qUNYAnLtWlHDMGdNFv1jGy\nVJgwbkrAfXYYVGlO/jr0UdnSldl5syFMqIW4yxlZJk6j60ArW3JlGHmTld6VNpD7\nqTnGRyWMU2Bh8O/tZFykxpJKcpLK29duIxbfuDWRLhbDJh/Gb2Wz6jOdWYw8WRff\nWjkMfQLmsxWkerUuL/4OrTfuZzODcD+HeqG+cr3WWfoFN4w=\n-----END CERTIFICATE-----",
                "common_name": "C=US,O=Google\\, Inc,CN=Google Cloud SQL Server CA,dnQualifier=6040aafa-4ca1-47d0-8190-ee0a3198f807",
                "create_time": "2021-12-12T17:14:08.052Z",
                "expiration_time": "2031-12-10T17:15:08.052Z",
                "sha1_fingerprint": "b73d390284f471d97326f42040ff8af822bdbc3a"
              }
            ],
            "service_account_email_address": "p750903720791-aswfh8@gcp-sa-cloud-sql.iam.gserviceaccount.com",
            "settings": [
              {
                "activation_policy": "ALWAYS",
                "authorized_gae_applications": [],
                "availability_type": "ZONAL",
                "backup_configuration": [
                  {
                    "backup_retention_settings": [
                      {
                        "retained_backups": 7,
                        "retention_unit": "COUNT"
                      }
                    ],
                    "binary_log_enabled": false,
                    "enabled": true,
                    "location": "eu",
                    "point_in_time_recovery_enabled": false,
                    "start_time": "05:00",
                    "transaction_log_retention_days": 7
                  }
                ],
                "collation": "",
                "crash_safe_replication": false,
                "database_flags": [],
                "disk_autoresize": true,
                "disk_autoresize_limit": 0,
                "disk_size": 10,
                "disk_type": "PD_SSD",
                "insights_config": [],
                "ip_configuration": [
                  {
                    "authorized_networks": [],
                    "ipv4_enabled": false,
                    "private_network": "projects/steam-current-329713/global/networks/default",
                    "require_ssl": false
                  }
                ],
                "location_preference": [
                  {
                    "follow_gae_application": "",
                    "zone": "europe-west1-d"
                  }
                ],
                "maintenance_window": [
                  {
                    "day": 6,
                    "hour": 9,
                    "update_track": ""
                  }
                ],
                "pricing_plan": "PER_USE",
                "replication_type": "SYNCHRONOUS",
                "tier": "db-f1-micro",
                "user_labels": {},
                "version": 1
              }
            ],
            "timeouts": null
          },
          "sensitive_attributes": [],
          "private": "eyJlMmJmYjczMC1lY2FhLTExZTYtOGY4OC0zNDM2M2JjN2M0YzAiOnsiY3JlYXRlIjoxODAwMDAwMDAwMDAwLCJkZWxldGUiOjE4MDAwMDAwMDAwMDAsInVwZGF0ZSI6MTgwMDAwMDAwMDAwMH19",
          "dependencies": [
            "google_service_networking_connection.private_vpc_connection",
            "google_compute_global_address.private_ip_address"
          ]
        }
      ]
    },
    {
      "module": "module.db",
      "mode": "managed",
      "type": "google_sql_user",
      "name": "db_user",
      "provider": "provider[\"registry.terraform.io/hashicorp/google\"]",
      "instances": [
        {
          "schema_version": 1,
          "attributes": {
            "deletion_policy": null,
            "host": "",
            "id": "cinema//cinema-host",
            "instance": "cinema-host",
            "name": "cinema",
            "password": "cinema",
            "project": "steam-current-329713",
            "timeouts": null,
            "type": ""
          },
          "sensitive_attributes": [],
          "private": "eyJlMmJmYjczMC1lY2FhLTExZTYtOGY4OC0zNDM2M2JjN2M0YzAiOnsiY3JlYXRlIjo2MDAwMDAwMDAwMDAsImRlbGV0ZSI6NjAwMDAwMDAwMDAwLCJ1cGRhdGUiOjYwMDAwMDAwMDAwMH0sInNjaGVtYV92ZXJzaW9uIjoiMSJ9",
          "dependencies": [
            "google_compute_global_address.private_ip_address",
            "google_service_networking_connection.private_vpc_connection",
            "module.db.google_sql_database_instance.db_postgres"
          ]
        }
      ]
    }
  ]
}
