{
  "version": 4,
  "terraform_version": "1.1.0",
  "serial": 93,
  "lineage": "71125d13-d064-cb51-e4a2-3d2d6e66a540",
  "outputs": {},
  "resources": [
    {
      "mode": "data",
      "type": "google_client_config",
      "name": "provider",
      "provider": "provider[\"registry.terraform.io/hashicorp/google\"]",
      "instances": [
        {
          "schema_version": 0,
          "attributes": {
            "access_token": "ya29.c.b0AXv0zTNttYcD_eX8QHszvX-b0LMrq3cdxX6Fxyq52IpF99pUCklxUvC6eRou2cR91R9greuK2E2THP9JM6jLKHS3B78ICAX39PSkT4MvsZUefMNNbmkIscGTS5RjIEfCNOAui6aukwei0fH_04HzqivJIEAek57Lak-b3HXEXGxCcyNjED66VeJbJcX-tB2c1IuXVt20ct93k5hoglS1TQ5d0IjJEBVCP9p1BVsxZEY",
            "id": "projects/eminent-crane-329517/regions/europe-west1/zones/europe-west1-b",
            "project": "eminent-crane-329517",
            "region": "europe-west1",
            "zone": "europe-west1-b"
          },
          "sensitive_attributes": []
        }
      ]
    },
    {
      "mode": "data",
      "type": "google_project",
      "name": "project",
      "provider": "provider[\"registry.terraform.io/hashicorp/google\"]",
      "instances": [
        {
          "schema_version": 0,
          "attributes": {
            "auto_create_network": null,
            "billing_account": null,
            "folder_id": null,
            "id": "projects/eminent-crane-329517",
            "labels": {},
            "name": "My First Project",
            "number": "352372447652",
            "org_id": null,
            "project_id": "eminent-crane-329517",
            "skip_delete": null
          },
          "sensitive_attributes": []
        }
      ]
    },
    {
      "mode": "managed",
      "type": "google_cloud_run_service_iam_member",
      "name": "invoker_rest",
      "provider": "provider[\"registry.terraform.io/hashicorp/google\"]",
      "instances": [
        {
          "schema_version": 0,
          "attributes": {
            "condition": [],
            "etag": "BwXTRDFiK/A=",
            "id": "v1/projects/eminent-crane-329517/locations/europe-west1/services/cinema-rest/roles/run.invoker/allUsers",
            "location": "europe-west1",
            "member": "allUsers",
            "project": "eminent-crane-329517",
            "role": "roles/run.invoker",
            "service": "v1/projects/eminent-crane-329517/locations/europe-west1/services/cinema-rest"
          },
          "sensitive_attributes": [],
          "private": "bnVsbA==",
          "dependencies": [
            "google_compute_global_address.private_ip_address",
            "google_service_account.account",
            "google_service_networking_connection.private_vpc_connection",
            "google_vpc_access_connector.connector",
            "module.db.google_sql_database_instance.db_postgres",
            "module.run_app_rest.google_cloud_run_service.app_service"
          ]
        }
      ]
    },
    {
      "mode": "managed",
      "type": "google_compute_firewall",
      "name": "vpc_network_http_rule",
      "provider": "provider[\"registry.terraform.io/hashicorp/google\"]",
      "instances": [
        {
          "schema_version": 1,
          "attributes": {
            "allow": [
              {
                "ports": [
                  "80"
                ],
                "protocol": "tcp"
              }
            ],
            "creation_timestamp": "2021-12-16T05:44:30.508-08:00",
            "deny": [],
            "description": "",
            "destination_ranges": [],
            "direction": "INGRESS",
            "disabled": false,
            "enable_logging": null,
            "id": "projects/eminent-crane-329517/global/firewalls/cinema-service-http-rule",
            "log_config": [],
            "name": "cinema-service-http-rule",
            "network": "https://www.googleapis.com/compute/v1/projects/eminent-crane-329517/global/networks/default",
            "priority": 1000,
            "project": "eminent-crane-329517",
            "self_link": "https://www.googleapis.com/compute/v1/projects/eminent-crane-329517/global/firewalls/cinema-service-http-rule",
            "source_ranges": [
              "0.0.0.0/0"
            ],
            "source_service_accounts": [],
            "source_tags": [],
            "target_service_accounts": [],
            "target_tags": [],
            "timeouts": null
          },
          "sensitive_attributes": [],
          "private": "eyJlMmJmYjczMC1lY2FhLTExZTYtOGY4OC0zNDM2M2JjN2M0YzAiOnsiY3JlYXRlIjoyNDAwMDAwMDAwMDAsImRlbGV0ZSI6MjQwMDAwMDAwMDAwLCJ1cGRhdGUiOjI0MDAwMDAwMDAwMH0sInNjaGVtYV92ZXJzaW9uIjoiMSJ9"
        }
      ]
    },
    {
      "mode": "managed",
      "type": "google_compute_global_address",
      "name": "private_ip_address",
      "provider": "provider[\"registry.terraform.io/hashicorp/google\"]",
      "instances": [
        {
          "schema_version": 0,
          "attributes": {
            "address": "10.23.0.0",
            "address_type": "INTERNAL",
            "creation_timestamp": "2021-12-16T05:44:30.583-08:00",
            "description": "",
            "id": "projects/eminent-crane-329517/global/addresses/cinema-service",
            "ip_version": "",
            "name": "cinema-service",
            "network": "https://www.googleapis.com/compute/v1/projects/eminent-crane-329517/global/networks/default",
            "prefix_length": 16,
            "project": "eminent-crane-329517",
            "purpose": "VPC_PEERING",
            "self_link": "https://www.googleapis.com/compute/v1/projects/eminent-crane-329517/global/addresses/cinema-service",
            "timeouts": null
          },
          "sensitive_attributes": [],
          "private": "eyJlMmJmYjczMC1lY2FhLTExZTYtOGY4OC0zNDM2M2JjN2M0YzAiOnsiY3JlYXRlIjoyNDAwMDAwMDAwMDAsImRlbGV0ZSI6MjQwMDAwMDAwMDAwfX0="
        }
      ]
    },
    {
      "mode": "managed",
      "type": "google_project_iam_binding",
      "name": "account_iam_binding",
      "provider": "provider[\"registry.terraform.io/hashicorp/google\"]",
      "instances": [
        {
          "index_key": "roles/cloudsql.client",
          "schema_version": 0,
          "attributes": {
            "condition": [],
            "etag": "BwXTRCZi2I0=",
            "id": "eminent-crane-329517/roles/cloudsql.client",
            "members": [
              "serviceAccount:service-account-db1@eminent-crane-329517.iam.gserviceaccount.com"
            ],
            "project": "eminent-crane-329517",
            "role": "roles/cloudsql.client"
          },
          "sensitive_attributes": [],
          "private": "bnVsbA==",
          "dependencies": [
            "google_service_account.account"
          ]
        },
        {
          "index_key": "roles/iam.serviceAccountTokenCreator",
          "schema_version": 0,
          "attributes": {
            "condition": [],
            "etag": "BwXTRCZi2I0=",
            "id": "eminent-crane-329517/roles/iam.serviceAccountTokenCreator",
            "members": [
              "serviceAccount:service-account-db1@eminent-crane-329517.iam.gserviceaccount.com"
            ],
            "project": "eminent-crane-329517",
            "role": "roles/iam.serviceAccountTokenCreator"
          },
          "sensitive_attributes": [],
          "private": "bnVsbA==",
          "dependencies": [
            "google_service_account.account"
          ]
        }
      ]
    },
    {
      "mode": "managed",
      "type": "google_service_account",
      "name": "account",
      "provider": "provider[\"registry.terraform.io/hashicorp/google\"]",
      "instances": [
        {
          "schema_version": 0,
          "attributes": {
            "account_id": "service-account-db1",
            "description": "",
            "display_name": "service-account-db1",
            "email": "service-account-db1@eminent-crane-329517.iam.gserviceaccount.com",
            "id": "projects/eminent-crane-329517/serviceAccounts/service-account-db1@eminent-crane-329517.iam.gserviceaccount.com",
            "name": "projects/eminent-crane-329517/serviceAccounts/service-account-db1@eminent-crane-329517.iam.gserviceaccount.com",
            "project": "eminent-crane-329517",
            "timeouts": null,
            "unique_id": "110871423355159477024"
          },
          "sensitive_attributes": [],
          "private": "eyJlMmJmYjczMC1lY2FhLTExZTYtOGY4OC0zNDM2M2JjN2M0YzAiOnsiY3JlYXRlIjozMDAwMDAwMDAwMDB9fQ=="
        }
      ]
    },
    {
      "mode": "managed",
      "type": "google_service_networking_connection",
      "name": "private_vpc_connection",
      "provider": "provider[\"registry.terraform.io/hashicorp/google\"]",
      "instances": [
        {
          "schema_version": 0,
          "attributes": {
            "id": "projects%2Feminent-crane-329517%2Fglobal%2Fnetworks%2Fdefault:servicenetworking.googleapis.com",
            "network": "projects/eminent-crane-329517/global/networks/default",
            "peering": "servicenetworking-googleapis-com",
            "reserved_peering_ranges": [
              "cinema-service"
            ],
            "service": "servicenetworking.googleapis.com",
            "timeouts": null
          },
          "sensitive_attributes": [],
          "private": "eyJlMmJmYjczMC1lY2FhLTExZTYtOGY4OC0zNDM2M2JjN2M0YzAiOnsiY3JlYXRlIjo2MDAwMDAwMDAwMDAsImRlbGV0ZSI6NjAwMDAwMDAwMDAwLCJ1cGRhdGUiOjYwMDAwMDAwMDAwMH19",
          "dependencies": [
            "google_compute_global_address.private_ip_address"
          ]
        }
      ]
    },
    {
      "mode": "managed",
      "type": "google_vpc_access_connector",
      "name": "connector",
      "provider": "provider[\"registry.terraform.io/hashicorp/google\"]",
      "instances": [
        {
          "schema_version": 0,
          "attributes": {
            "id": "projects/eminent-crane-329517/locations/europe-west1/connectors/cinema-service-conn",
            "ip_cidr_range": "10.1.0.0/28",
            "max_throughput": 300,
            "min_throughput": 200,
            "name": "cinema-service-conn",
            "network": "default",
            "project": "eminent-crane-329517",
            "region": null,
            "self_link": "projects/eminent-crane-329517/locations/europe-west1/connectors/cinema-service-conn",
            "state": "READY",
            "timeouts": null
          },
          "sensitive_attributes": [],
          "private": "eyJlMmJmYjczMC1lY2FhLTExZTYtOGY4OC0zNDM2M2JjN2M0YzAiOnsiY3JlYXRlIjozNjAwMDAwMDAwMDAsImRlbGV0ZSI6NjAwMDAwMDAwMDAwfX0="
        }
      ]
    },
    {
      "module": "module.db",
      "mode": "managed",
      "type": "google_sql_database",
      "name": "db_cinema",
      "provider": "provider[\"registry.terraform.io/hashicorp/google\"]",
      "instances": [
        {
          "index_key": "cinema",
          "schema_version": 0,
          "attributes": {
            "charset": "UTF8",
            "collation": "en_US.UTF8",
            "id": "projects/eminent-crane-329517/instances/cinema-host-1/databases/cinema",
            "instance": "cinema-host-1",
            "name": "cinema",
            "project": "eminent-crane-329517",
            "self_link": "https://sqladmin.googleapis.com/sql/v1beta4/projects/eminent-crane-329517/instances/cinema-host-1/databases/cinema",
            "timeouts": null
          },
          "sensitive_attributes": [],
          "private": "eyJlMmJmYjczMC1lY2FhLTExZTYtOGY4OC0zNDM2M2JjN2M0YzAiOnsiY3JlYXRlIjo5MDAwMDAwMDAwMDAsImRlbGV0ZSI6NjAwMDAwMDAwMDAwLCJ1cGRhdGUiOjYwMDAwMDAwMDAwMH19",
          "dependencies": [
            "google_compute_global_address.private_ip_address",
            "google_service_networking_connection.private_vpc_connection",
            "module.db.google_sql_database_instance.db_postgres"
          ]
        }
      ]
    },
    {
      "module": "module.db",
      "mode": "managed",
      "type": "google_sql_database_instance",
      "name": "db_postgres",
      "provider": "provider[\"registry.terraform.io/hashicorp/google\"]",
      "instances": [
        {
          "schema_version": 0,
          "attributes": {
            "clone": [],
            "connection_name": "eminent-crane-329517:europe-west1:cinema-host-1",
            "database_version": "POSTGRES_12",
            "deletion_protection": false,
            "first_ip_address": "10.23.0.3",
            "id": "cinema-host-1",
            "ip_address": [
              {
                "ip_address": "10.23.0.3",
                "time_to_retire": "",
                "type": "PRIVATE"
              }
            ],
            "master_instance_name": "",
            "name": "cinema-host-1",
            "private_ip_address": "10.23.0.3",
            "project": "eminent-crane-329517",
            "public_ip_address": "",
            "region": "europe-west1",
            "replica_configuration": [],
            "restore_backup_context": [],
            "root_password": null,
            "self_link": "https://sqladmin.googleapis.com/sql/v1beta4/projects/eminent-crane-329517/instances/cinema-host-1",
            "server_ca_cert": [
              {
                "cert": "-----BEGIN CERTIFICATE-----\nMIIDfzCCAmegAwIBAgIBADANBgkqhkiG9w0BAQsFADB3MS0wKwYDVQQuEyQ3MTc1\nMzkyYy0wZDg5LTRkZDMtOTAxNS1hMTFiMjAzNjg4MzYxIzAhBgNVBAMTGkdvb2ds\nZSBDbG91ZCBTUUwgU2VydmVyIENBMRQwEgYDVQQKEwtHb29nbGUsIEluYzELMAkG\nA1UEBhMCVVMwHhcNMjExMjE2MTM1MzU0WhcNMzExMjE0MTM1NDU0WjB3MS0wKwYD\nVQQuEyQ3MTc1MzkyYy0wZDg5LTRkZDMtOTAxNS1hMTFiMjAzNjg4MzYxIzAhBgNV\nBAMTGkdvb2dsZSBDbG91ZCBTUUwgU2VydmVyIENBMRQwEgYDVQQKEwtHb29nbGUs\nIEluYzELMAkGA1UEBhMCVVMwggEiMA0GCSqGSIb3DQEBAQUAA4IBDwAwggEKAoIB\nAQCW+p/C5ohOx58RrRi4LmvAM3UpD2cBt02yZDNSKj7Ytm4uB4JId2q2VwjmtnaL\nmxVetYGi2cNCbNNYc82RIaQXarM6apH9TBBvNeE1R6KJX+/vUWXdyRlQymQceJtR\nMbgbDM23rj9YLZTSkJ2keti+WfMl2lt0qKyR1K+HIqgZb8BTnsmXN2XhzAdYGnam\n8gUwrUPWDSuJmFAierrktfXTd5JCPG2gU4GaRnTIMGhtkdXxtTQU1G6WBYdK0FbV\nkWl12khEuL4Yr0Ti63CY3rKpNsFWzF9n0S5VwvLvY3zc9RWK9zeR3XK4Ci419KwM\nkmy2o/3g3n+ddnYOYnSWn9ofAgMBAAGjFjAUMBIGA1UdEwEB/wQIMAYBAf8CAQAw\nDQYJKoZIhvcNAQELBQADggEBABbLAs+fKW6KawfBNpY7yOT60lRBxhsAB2t/lyCd\nZy9mM7qCRvX2JfWOh+eaKvIVGWWBZn3L8M/U/EUip546emfV6Ci9paH7J1/rVbD7\nIwNdUVw0T43gyL5oCaykkIz602nBEp857hXu8nTEeyYbMxJuRLLlAR6oBQX37HQp\n/WHCKUHB87v7pVTAIo+YRQMJiqCxCzJcKygQBT7MGYhO+GONn9w95U+IlaqIqNHH\nesapMbHTT521i43SNqV/gYuKeZL2porG/vi+UDa9S3/fNFVtSqUP3TFsLFlELzaV\n9bOMksJi0GbdInRJttFDk+IagS8jqZvotpvM/FsQ8V5Zc6A=\n-----END CERTIFICATE-----",
                "common_name": "C=US,O=Google\\, Inc,CN=Google Cloud SQL Server CA,dnQualifier=7175392c-0d89-4dd3-9015-a11b20368836",
                "create_time": "2021-12-16T13:53:54.731Z",
                "expiration_time": "2031-12-14T13:54:54.731Z",
                "sha1_fingerprint": "076e8793dadbc20eb454737057bfb8cc818619f0"
              }
            ],
            "service_account_email_address": "p352372447652-w0gne4@gcp-sa-cloud-sql.iam.gserviceaccount.com",
            "settings": [
              {
                "activation_policy": "ALWAYS",
                "authorized_gae_applications": [],
                "availability_type": "ZONAL",
                "backup_configuration": [
                  {
                    "backup_retention_settings": [
                      {
                        "retained_backups": 7,
                        "retention_unit": "COUNT"
                      }
                    ],
                    "binary_log_enabled": false,
                    "enabled": true,
                    "location": "eu",
                    "point_in_time_recovery_enabled": false,
                    "start_time": "05:00",
                    "transaction_log_retention_days": 7
                  }
                ],
                "collation": "",
                "crash_safe_replication": false,
                "database_flags": [],
                "disk_autoresize": true,
                "disk_autoresize_limit": 0,
                "disk_size": 10,
                "disk_type": "PD_SSD",
                "insights_config": [],
                "ip_configuration": [
                  {
                    "authorized_networks": [],
                    "ipv4_enabled": false,
                    "private_network": "projects/eminent-crane-329517/global/networks/default",
                    "require_ssl": false
                  }
                ],
                "location_preference": [
                  {
                    "follow_gae_application": "",
                    "zone": "europe-west1-b"
                  }
                ],
                "maintenance_window": [
                  {
                    "day": 6,
                    "hour": 9,
                    "update_track": ""
                  }
                ],
                "pricing_plan": "PER_USE",
                "replication_type": "SYNCHRONOUS",
                "tier": "db-f1-micro",
                "user_labels": {},
                "version": 1
              }
            ],
            "timeouts": null
          },
          "sensitive_attributes": [],
          "private": "eyJlMmJmYjczMC1lY2FhLTExZTYtOGY4OC0zNDM2M2JjN2M0YzAiOnsiY3JlYXRlIjoxODAwMDAwMDAwMDAwLCJkZWxldGUiOjE4MDAwMDAwMDAwMDAsInVwZGF0ZSI6MTgwMDAwMDAwMDAwMH19",
          "dependencies": [
            "google_compute_global_address.private_ip_address",
            "google_service_networking_connection.private_vpc_connection"
          ]
        }
      ]
    },
    {
      "module": "module.db",
      "mode": "managed",
      "type": "google_sql_user",
      "name": "db_user",
      "provider": "provider[\"registry.terraform.io/hashicorp/google\"]",
      "instances": [
        {
          "schema_version": 1,
          "attributes": {
            "deletion_policy": null,
            "host": "",
            "id": "cinema//cinema-host-1",
            "instance": "cinema-host-1",
            "name": "cinema",
            "password": "cinema",
            "project": "eminent-crane-329517",
            "timeouts": null,
            "type": ""
          },
          "sensitive_attributes": [],
          "private": "eyJlMmJmYjczMC1lY2FhLTExZTYtOGY4OC0zNDM2M2JjN2M0YzAiOnsiY3JlYXRlIjo2MDAwMDAwMDAwMDAsImRlbGV0ZSI6NjAwMDAwMDAwMDAwLCJ1cGRhdGUiOjYwMDAwMDAwMDAwMH0sInNjaGVtYV92ZXJzaW9uIjoiMSJ9",
          "dependencies": [
            "google_compute_global_address.private_ip_address",
            "google_service_networking_connection.private_vpc_connection",
            "module.db.google_sql_database_instance.db_postgres"
          ]
        }
      ]
    },
    {
      "module": "module.db",
      "mode": "managed",
      "type": "random_string",
      "name": "db_user_name",
      "provider": "provider[\"registry.terraform.io/hashicorp/random\"]",
      "instances": [
        {
          "schema_version": 1,
          "attributes": {
            "id": "5ymZ@TFZlBOyXQ0P",
            "keepers": null,
            "length": 16,
            "lower": true,
            "min_lower": 0,
            "min_numeric": 0,
            "min_special": 0,
            "min_upper": 0,
            "number": true,
            "override_special": "/@£$",
            "result": "5ymZ@TFZlBOyXQ0P",
            "special": true,
            "upper": true
          },
          "sensitive_attributes": [],
          "private": "eyJzY2hlbWFfdmVyc2lvbiI6IjEifQ==",
          "dependencies": [
            "google_service_networking_connection.private_vpc_connection",
            "google_compute_global_address.private_ip_address"
          ]
        }
      ]
    },
    {
      "module": "module.db",
      "mode": "managed",
      "type": "random_string",
      "name": "db_user_password",
      "provider": "provider[\"registry.terraform.io/hashicorp/random\"]",
      "instances": [
        {
          "schema_version": 1,
          "attributes": {
            "id": "eT7W5vdyNMXaGNIo",
            "keepers": null,
            "length": 16,
            "lower": true,
            "min_lower": 0,
            "min_numeric": 0,
            "min_special": 0,
            "min_upper": 0,
            "number": true,
            "override_special": "/@£$",
            "result": "eT7W5vdyNMXaGNIo",
            "special": true,
            "upper": true
          },
          "sensitive_attributes": [],
          "private": "eyJzY2hlbWFfdmVyc2lvbiI6IjEifQ==",
          "dependencies": [
            "google_compute_global_address.private_ip_address",
            "google_service_networking_connection.private_vpc_connection"
          ]
        }
      ]
    },
    {
      "module": "module.run_app_rest",
      "mode": "managed",
      "type": "google_cloud_run_service",
      "name": "app_service",
      "provider": "provider[\"registry.terraform.io/hashicorp/google\"]",
      "instances": [
        {
          "schema_version": 1,
          "attributes": {
            "autogenerate_revision_name": true,
            "id": "locations/europe-west1/namespaces/eminent-crane-329517/services/cinema-rest",
            "location": "europe-west1",
            "metadata": [
              {
                "annotations": {
                  "run.googleapis.com/ingress": "all",
                  "run.googleapis.com/ingress-status": "all",
                  "serving.knative.dev/creator": "service-account-db@eminent-crane-329517.iam.gserviceaccount.com",
                  "serving.knative.dev/lastModifier": "service-account-db@eminent-crane-329517.iam.gserviceaccount.com"
                },
                "generation": 1,
                "labels": {
                  "cloud.googleapis.com/location": "europe-west1"
                },
                "namespace": "eminent-crane-329517",
                "resource_version": "AAXTRDE7/8w",
                "self_link": "/apis/serving.knative.dev/v1/namespaces/352372447652/services/cinema-rest",
                "uid": "2a0c1109-5dd4-4d63-9d84-eca77028e3e0"
              }
            ],
            "name": "cinema-rest",
            "project": "eminent-crane-329517",
            "status": [
              {
                "conditions": [
                  {
                    "message": "",
                    "reason": "",
                    "status": "True",
                    "type": "Ready"
                  },
                  {
                    "message": "",
                    "reason": "",
                    "status": "True",
                    "type": "ConfigurationsReady"
                  },
                  {
                    "message": "",
                    "reason": "",
                    "status": "True",
                    "type": "RoutesReady"
                  }
                ],
                "latest_created_revision_name": "cinema-rest-2jv82",
                "latest_ready_revision_name": "cinema-rest-2jv82",
                "observed_generation": 1,
                "url": "https://cinema-rest-bp7jpfrtvq-ew.a.run.app"
              }
            ],
            "template": [
              {
                "metadata": [
                  {
                    "annotations": {
                      "autoscaling.knative.dev/maxScale": "1",
                      "run.googleapis.com/cloudsql-instances": "eminent-crane-329517:europe-west1:cinema-host-1",
                      "run.googleapis.com/vpc-access-connector": "projects/eminent-crane-329517/locations/europe-west1/connectors/cinema-service-conn",
                      "run.googleapis.com/vpc-access-egress": "private-ranges-only"
                    },
                    "generation": 0,
                    "labels": {},
                    "name": "",
                    "namespace": "",
                    "resource_version": "",
                    "self_link": "",
                    "uid": ""
                  }
                ],
                "spec": [
                  {
                    "container_concurrency": 80,
                    "containers": [
                      {
                        "args": [],
                        "command": [],
                        "env": [
                          {
                            "name": "POSTGRES_HOST",
                            "value": "10.23.0.3"
                          }
                        ],
                        "env_from": [],
                        "image": "eu.gcr.io/eminent-crane-329517/cinema:1.0-SNAPSHOT",
                        "ports": [
                          {
                            "container_port": 8080,
                            "name": "http1",
                            "protocol": ""
                          }
                        ],
                        "resources": [
                          {
                            "limits": {
                              "cpu": "1000m",
                              "memory": "512Mi"
                            },
                            "requests": {}
                          }
                        ],
                        "working_dir": ""
                      }
                    ],
                    "service_account_name": "service-account-db1@eminent-crane-329517.iam.gserviceaccount.com",
                    "serving_state": "",
                    "timeout_seconds": 300
                  }
                ]
              }
            ],
            "timeouts": null,
            "traffic": [
              {
                "latest_revision": true,
                "percent": 100,
                "revision_name": ""
              }
            ]
          },
          "sensitive_attributes": [],
          "private": "eyJlMmJmYjczMC1lY2FhLTExZTYtOGY4OC0zNDM2M2JjN2M0YzAiOnsiY3JlYXRlIjozNjAwMDAwMDAwMDAsImRlbGV0ZSI6MjQwMDAwMDAwMDAwLCJ1cGRhdGUiOjkwMDAwMDAwMDAwMH0sInNjaGVtYV92ZXJzaW9uIjoiMSJ9",
          "dependencies": [
            "google_service_networking_connection.private_vpc_connection",
            "google_vpc_access_connector.connector",
            "module.db.google_sql_database_instance.db_postgres",
            "google_compute_global_address.private_ip_address",
            "google_service_account.account"
          ]
        }
      ]
    }
  ]
}
