{
  "version": 4,
  "terraform_version": "1.1.0",
  "serial": 22,
  "lineage": "eeb99284-bffa-01c6-fe47-2ceeb9858d78",
  "outputs": {},
  "resources": [
    {
      "mode": "data",
      "type": "google_client_config",
      "name": "provider",
      "provider": "provider[\"registry.terraform.io/hashicorp/google\"]",
      "instances": [
        {
          "schema_version": 0,
          "attributes": {
            "access_token": "ya29.c.b0AXv0zTP1cx2fpQtbBXdehGJ2CONb41FUqDY07KClk_qNS4xfzSFr2eJumNeLZzzDaG8nw0CTe_micKXG03qzVMwoWCB1de9zHJWul3_rxbB0bvSubrzwBaqPNH7qANYZ4iBaqoeEzBYBfb4SdImNBEbBZ3DhgqiKPO7A4RcVJb76JnzKDzggbJjZcm2y1ZYn_eXivIyV0jruzYaeQZSe-83hTAndDGit73yZT0ooDdQ",
            "id": "projects/steam-current-329713/regions/europe-west1/zones/europe-west1-b",
            "project": "steam-current-329713",
            "region": "europe-west1",
            "zone": "europe-west1-b"
          },
          "sensitive_attributes": []
        }
      ]
    },
    {
      "mode": "data",
      "type": "google_project",
      "name": "project",
      "provider": "provider[\"registry.terraform.io/hashicorp/google\"]",
      "instances": [
        {
          "schema_version": 0,
          "attributes": {
            "auto_create_network": null,
            "billing_account": null,
            "folder_id": null,
            "id": "projects/steam-current-329713",
            "labels": {},
            "name": "My First Project",
            "number": "750903720791",
            "org_id": null,
            "project_id": "steam-current-329713",
            "skip_delete": null
          },
          "sensitive_attributes": []
        }
      ]
    },
    {
      "mode": "managed",
      "type": "google_cloud_run_service_iam_member",
      "name": "invoker_rest",
      "provider": "provider[\"registry.terraform.io/hashicorp/google\"]",
      "instances": [
        {
          "schema_version": 0,
          "attributes": {
            "condition": [],
            "etag": "BwXS9lTglTc=",
            "id": "v1/projects/steam-current-329713/locations/europe-west1/services/cinema-rest/roles/run.invoker/allUsers",
            "location": "europe-west1",
            "member": "allUsers",
            "project": "steam-current-329713",
            "role": "roles/run.invoker",
            "service": "v1/projects/steam-current-329713/locations/europe-west1/services/cinema-rest"
          },
          "sensitive_attributes": [],
          "private": "bnVsbA==",
          "dependencies": [
            "google_service_account.account",
            "google_service_networking_connection.private_vpc_connection",
            "google_vpc_access_connector.connector",
            "module.db.google_sql_database_instance.db_postgres",
            "module.run_app_rest.google_cloud_run_service.app_service"
          ]
        }
      ]
    },
    {
      "mode": "managed",
      "type": "google_compute_firewall",
      "name": "vpc_network_http_rule",
      "provider": "provider[\"registry.terraform.io/hashicorp/google\"]",
      "instances": [
        {
          "schema_version": 1,
          "attributes": {
            "allow": [
              {
                "ports": [
                  "80"
                ],
                "protocol": "tcp"
              }
            ],
            "creation_timestamp": "2021-12-12T09:02:40.348-08:00",
            "deny": [],
            "description": "",
            "destination_ranges": [],
            "direction": "INGRESS",
            "disabled": false,
            "enable_logging": null,
            "id": "projects/steam-current-329713/global/firewalls/cinema-service-http-rule",
            "log_config": [],
            "name": "cinema-service-http-rule",
            "network": "https://www.googleapis.com/compute/v1/projects/steam-current-329713/global/networks/default",
            "priority": 1000,
            "project": "steam-current-329713",
            "self_link": "https://www.googleapis.com/compute/v1/projects/steam-current-329713/global/firewalls/cinema-service-http-rule",
            "source_ranges": [
              "0.0.0.0/0"
            ],
            "source_service_accounts": [],
            "source_tags": [],
            "target_service_accounts": [],
            "target_tags": [],
            "timeouts": null
          },
          "sensitive_attributes": [],
          "private": "eyJlMmJmYjczMC1lY2FhLTExZTYtOGY4OC0zNDM2M2JjN2M0YzAiOnsiY3JlYXRlIjoyNDAwMDAwMDAwMDAsImRlbGV0ZSI6MjQwMDAwMDAwMDAwLCJ1cGRhdGUiOjI0MDAwMDAwMDAwMH0sInNjaGVtYV92ZXJzaW9uIjoiMSJ9"
        }
      ]
    },
    {
      "mode": "managed",
      "type": "google_compute_global_address",
      "name": "private_ip_address",
      "provider": "provider[\"registry.terraform.io/hashicorp/google\"]",
      "instances": [
        {
          "schema_version": 0,
          "attributes": {
            "address": "10.66.0.0",
            "address_type": "INTERNAL",
            "creation_timestamp": "2021-12-12T09:02:40.219-08:00",
            "description": "",
            "id": "projects/steam-current-329713/global/addresses/cinema-service",
            "ip_version": "",
            "name": "cinema-service",
            "network": "https://www.googleapis.com/compute/v1/projects/steam-current-329713/global/networks/default",
            "prefix_length": 16,
            "project": "steam-current-329713",
            "purpose": "VPC_PEERING",
            "self_link": "https://www.googleapis.com/compute/v1/projects/steam-current-329713/global/addresses/cinema-service",
            "timeouts": null
          },
          "sensitive_attributes": [],
          "private": "eyJlMmJmYjczMC1lY2FhLTExZTYtOGY4OC0zNDM2M2JjN2M0YzAiOnsiY3JlYXRlIjoyNDAwMDAwMDAwMDAsImRlbGV0ZSI6MjQwMDAwMDAwMDAwfX0="
        }
      ]
    },
    {
      "mode": "managed",
      "type": "google_project_iam_binding",
      "name": "account_iam_binding",
      "provider": "provider[\"registry.terraform.io/hashicorp/google\"]",
      "instances": [
        {
          "index_key": "roles/cloudsql.client",
          "schema_version": 0,
          "attributes": {
            "condition": [],
            "etag": "BwXS9ezdLk0=",
            "id": "steam-current-329713/roles/cloudsql.client",
            "members": [
              "serviceAccount:service-account-db@steam-current-329713.iam.gserviceaccount.com"
            ],
            "project": "steam-current-329713",
            "role": "roles/cloudsql.client"
          },
          "sensitive_attributes": [],
          "private": "bnVsbA==",
          "dependencies": [
            "google_service_account.account"
          ]
        },
        {
          "index_key": "roles/iam.serviceAccountTokenCreator",
          "schema_version": 0,
          "attributes": {
            "condition": [],
            "etag": "BwXS9ezdLk0=",
            "id": "steam-current-329713/roles/iam.serviceAccountTokenCreator",
            "members": [
              "serviceAccount:service-account-db@steam-current-329713.iam.gserviceaccount.com"
            ],
            "project": "steam-current-329713",
            "role": "roles/iam.serviceAccountTokenCreator"
          },
          "sensitive_attributes": [],
          "private": "bnVsbA==",
          "dependencies": [
            "google_service_account.account"
          ]
        }
      ]
    },
    {
      "mode": "managed",
      "type": "google_service_account",
      "name": "account",
      "provider": "provider[\"registry.terraform.io/hashicorp/google\"]",
      "instances": [
        {
          "schema_version": 0,
          "attributes": {
            "account_id": "service-account-db",
            "description": "",
            "display_name": "service-account-db",
            "email": "service-account-db@steam-current-329713.iam.gserviceaccount.com",
            "id": "projects/steam-current-329713/serviceAccounts/service-account-db@steam-current-329713.iam.gserviceaccount.com",
            "name": "projects/steam-current-329713/serviceAccounts/service-account-db@steam-current-329713.iam.gserviceaccount.com",
            "project": "steam-current-329713",
            "timeouts": null,
            "unique_id": "108541561535015763929"
          },
          "sensitive_attributes": [],
          "private": "eyJlMmJmYjczMC1lY2FhLTExZTYtOGY4OC0zNDM2M2JjN2M0YzAiOnsiY3JlYXRlIjozMDAwMDAwMDAwMDB9fQ=="
        }
      ]
    },
    {
      "mode": "managed",
      "type": "google_service_networking_connection",
      "name": "private_vpc_connection",
      "provider": "provider[\"registry.terraform.io/hashicorp/google\"]",
      "instances": [
        {
          "schema_version": 0,
          "attributes": {
            "id": "projects%2Fsteam-current-329713%2Fglobal%2Fnetworks%2Fdefault:servicenetworking.googleapis.com",
            "network": "projects/steam-current-329713/global/networks/default",
            "peering": "servicenetworking-googleapis-com",
            "reserved_peering_ranges": [
              "cinema-service"
            ],
            "service": "servicenetworking.googleapis.com",
            "timeouts": null
          },
          "sensitive_attributes": [],
          "private": "eyJlMmJmYjczMC1lY2FhLTExZTYtOGY4OC0zNDM2M2JjN2M0YzAiOnsiY3JlYXRlIjo2MDAwMDAwMDAwMDAsImRlbGV0ZSI6NjAwMDAwMDAwMDAwLCJ1cGRhdGUiOjYwMDAwMDAwMDAwMH19",
          "dependencies": [
            "google_compute_global_address.private_ip_address"
          ]
        }
      ]
    },
    {
      "mode": "managed",
      "type": "google_vpc_access_connector",
      "name": "connector",
      "provider": "provider[\"registry.terraform.io/hashicorp/google\"]",
      "instances": [
        {
          "schema_version": 0,
          "attributes": {
            "id": "projects/steam-current-329713/locations/europe-west1/connectors/cinema-service-connector",
            "ip_cidr_range": "10.1.0.0/28",
            "max_throughput": 300,
            "min_throughput": 200,
            "name": "cinema-service-connector",
            "network": "default",
            "project": "steam-current-329713",
            "region": null,
            "self_link": "projects/steam-current-329713/locations/europe-west1/connectors/cinema-service-connector",
            "state": "READY",
            "timeouts": null
          },
          "sensitive_attributes": [],
          "private": "eyJlMmJmYjczMC1lY2FhLTExZTYtOGY4OC0zNDM2M2JjN2M0YzAiOnsiY3JlYXRlIjozNjAwMDAwMDAwMDAsImRlbGV0ZSI6NjAwMDAwMDAwMDAwfX0="
        }
      ]
    },
    {
      "module": "module.db",
      "mode": "managed",
      "type": "google_sql_database",
      "name": "db_cinema",
      "provider": "provider[\"registry.terraform.io/hashicorp/google\"]",
      "instances": [
        {
          "index_key": "cinema",
          "schema_version": 0,
          "attributes": {
            "charset": "UTF8",
            "collation": "en_US.UTF8",
            "id": "projects/steam-current-329713/instances/cinema-host/databases/cinema",
            "instance": "cinema-host",
            "name": "cinema",
            "project": "steam-current-329713",
            "self_link": "https://sqladmin.googleapis.com/sql/v1beta4/projects/steam-current-329713/instances/cinema-host/databases/cinema",
            "timeouts": null
          },
          "sensitive_attributes": [],
          "private": "eyJlMmJmYjczMC1lY2FhLTExZTYtOGY4OC0zNDM2M2JjN2M0YzAiOnsiY3JlYXRlIjo5MDAwMDAwMDAwMDAsImRlbGV0ZSI6NjAwMDAwMDAwMDAwLCJ1cGRhdGUiOjYwMDAwMDAwMDAwMH19",
          "dependencies": [
            "google_compute_global_address.private_ip_address",
            "google_service_networking_connection.private_vpc_connection",
            "module.db.google_sql_database_instance.db_postgres"
          ]
        }
      ]
    },
    {
      "module": "module.db",
      "mode": "managed",
      "type": "google_sql_database_instance",
      "name": "db_postgres",
      "provider": "provider[\"registry.terraform.io/hashicorp/google\"]",
      "instances": [
        {
          "schema_version": 0,
          "attributes": {
            "clone": [],
            "connection_name": "steam-current-329713:europe-west1:cinema-host",
            "database_version": "POSTGRES_12",
            "deletion_protection": false,
            "first_ip_address": "10.66.0.3",
            "id": "cinema-host",
            "ip_address": [
              {
                "ip_address": "10.66.0.3",
                "time_to_retire": "",
                "type": "PRIVATE"
              }
            ],
            "master_instance_name": "",
            "name": "cinema-host",
            "private_ip_address": "10.66.0.3",
            "project": "steam-current-329713",
            "public_ip_address": "",
            "region": "europe-west1",
            "replica_configuration": [],
            "restore_backup_context": [],
            "root_password": null,
            "self_link": "https://sqladmin.googleapis.com/sql/v1beta4/projects/steam-current-329713/instances/cinema-host",
            "server_ca_cert": [
              {
                "cert": "-----BEGIN CERTIFICATE-----\nMIIDfzCCAmegAwIBAgIBADANBgkqhkiG9w0BAQsFADB3MS0wKwYDVQQuEyQ2MDQw\nYWFmYS00Y2ExLTQ3ZDAtODE5MC1lZTBhMzE5OGY4MDcxIzAhBgNVBAMTGkdvb2ds\nZSBDbG91ZCBTUUwgU2VydmVyIENBMRQwEgYDVQQKEwtHb29nbGUsIEluYzELMAkG\nA1UEBhMCVVMwHhcNMjExMjEyMTcxNDA4WhcNMzExMjEwMTcxNTA4WjB3MS0wKwYD\nVQQuEyQ2MDQwYWFmYS00Y2ExLTQ3ZDAtODE5MC1lZTBhMzE5OGY4MDcxIzAhBgNV\nBAMTGkdvb2dsZSBDbG91ZCBTUUwgU2VydmVyIENBMRQwEgYDVQQKEwtHb29nbGUs\nIEluYzELMAkGA1UEBhMCVVMwggEiMA0GCSqGSIb3DQEBAQUAA4IBDwAwggEKAoIB\nAQCIxwXwmuNZJSNSa+kFQZWrYIp9m3oIMEzHX/SUhGL9nT8cRkPQ/PNoRFm8hZV1\nXJmTtXU3nMiY0UOAka8lAQ2I9LEKk3tLn/AloNPKjZxa4gmRUVjPqflB+8Us8UF9\n5/uP50MYjAcMKXuCTg6iBa88jsTLUE31V3Pkd/UeXgJh5BYfaGz+oD9RfkX13eDJ\nS65uhw+AQClURw1iFSST1V3g4aZYJiBRx07Q5W9HdewqoV7BtA8aEbvgXdhDND0C\nXdbDTJFD+2yRaJzUR2rnN5ysplt08DmxNVQfekWq/uUL+dqVp3NmTzVg+mTA6PK/\n0pDuRfWsDRaH3i4qXPMx+W7lAgMBAAGjFjAUMBIGA1UdEwEB/wQIMAYBAf8CAQAw\nDQYJKoZIhvcNAQELBQADggEBAG5CFDaeAluAUXwOwhGRzVH+si4Art2/EuPl1rxy\nsQiTonCxXzLC/Qo6w4YRAs3qxHx2u8fmoxmDtj2FBhaXL6603ODn2D6nJZ26Y6NK\nVpLOETqF4rMQERklkhRVlou94OQ3CMe9uwzTaa3aK0qUNYAnLtWlHDMGdNFv1jGy\nVJgwbkrAfXYYVGlO/jr0UdnSldl5syFMqIW4yxlZJk6j60ArW3JlGHmTld6VNpD7\nqTnGRyWMU2Bh8O/tZFykxpJKcpLK29duIxbfuDWRLhbDJh/Gb2Wz6jOdWYw8WRff\nWjkMfQLmsxWkerUuL/4OrTfuZzODcD+HeqG+cr3WWfoFN4w=\n-----END CERTIFICATE-----",
                "common_name": "C=US,O=Google\\, Inc,CN=Google Cloud SQL Server CA,dnQualifier=6040aafa-4ca1-47d0-8190-ee0a3198f807",
                "create_time": "2021-12-12T17:14:08.052Z",
                "expiration_time": "2031-12-10T17:15:08.052Z",
                "sha1_fingerprint": "b73d390284f471d97326f42040ff8af822bdbc3a"
              }
            ],
            "service_account_email_address": "p750903720791-aswfh8@gcp-sa-cloud-sql.iam.gserviceaccount.com",
            "settings": [
              {
                "activation_policy": "ALWAYS",
                "authorized_gae_applications": [],
                "availability_type": "ZONAL",
                "backup_configuration": [
                  {
                    "backup_retention_settings": [
                      {
                        "retained_backups": 7,
                        "retention_unit": "COUNT"
                      }
                    ],
                    "binary_log_enabled": false,
                    "enabled": true,
                    "location": "eu",
                    "point_in_time_recovery_enabled": false,
                    "start_time": "05:00",
                    "transaction_log_retention_days": 7
                  }
                ],
                "collation": "",
                "crash_safe_replication": false,
                "database_flags": [],
                "disk_autoresize": true,
                "disk_autoresize_limit": 0,
                "disk_size": 10,
                "disk_type": "PD_SSD",
                "insights_config": [],
                "ip_configuration": [
                  {
                    "authorized_networks": [],
                    "ipv4_enabled": false,
                    "private_network": "projects/steam-current-329713/global/networks/default",
                    "require_ssl": false
                  }
                ],
                "location_preference": [
                  {
                    "follow_gae_application": "",
                    "zone": "europe-west1-d"
                  }
                ],
                "maintenance_window": [
                  {
                    "day": 6,
                    "hour": 9,
                    "update_track": ""
                  }
                ],
                "pricing_plan": "PER_USE",
                "replication_type": "SYNCHRONOUS",
                "tier": "db-f1-micro",
                "user_labels": {},
                "version": 1
              }
            ],
            "timeouts": null
          },
          "sensitive_attributes": [],
          "private": "eyJlMmJmYjczMC1lY2FhLTExZTYtOGY4OC0zNDM2M2JjN2M0YzAiOnsiY3JlYXRlIjoxODAwMDAwMDAwMDAwLCJkZWxldGUiOjE4MDAwMDAwMDAwMDAsInVwZGF0ZSI6MTgwMDAwMDAwMDAwMH19",
          "dependencies": [
            "google_compute_global_address.private_ip_address",
            "google_service_networking_connection.private_vpc_connection"
          ]
        }
      ]
    },
    {
      "module": "module.db",
      "mode": "managed",
      "type": "google_sql_user",
      "name": "db_user",
      "provider": "provider[\"registry.terraform.io/hashicorp/google\"]",
      "instances": [
        {
          "schema_version": 1,
          "attributes": {
            "deletion_policy": null,
            "host": "",
            "id": "cinema//cinema-host",
            "instance": "cinema-host",
            "name": "cinema",
            "password": "cinema",
            "project": "steam-current-329713",
            "timeouts": null,
            "type": ""
          },
          "sensitive_attributes": [],
          "private": "eyJlMmJmYjczMC1lY2FhLTExZTYtOGY4OC0zNDM2M2JjN2M0YzAiOnsiY3JlYXRlIjo2MDAwMDAwMDAwMDAsImRlbGV0ZSI6NjAwMDAwMDAwMDAwLCJ1cGRhdGUiOjYwMDAwMDAwMDAwMH0sInNjaGVtYV92ZXJzaW9uIjoiMSJ9",
          "dependencies": [
            "google_compute_global_address.private_ip_address",
            "google_service_networking_connection.private_vpc_connection",
            "module.db.google_sql_database_instance.db_postgres"
          ]
        }
      ]
    },
    {
      "module": "module.db",
      "mode": "managed",
      "type": "random_string",
      "name": "db_user_name",
      "provider": "provider[\"registry.terraform.io/hashicorp/random\"]",
      "instances": [
        {
          "schema_version": 1,
          "attributes": {
            "id": "l10g5G4$8EJCy9FL",
            "keepers": null,
            "length": 16,
            "lower": true,
            "min_lower": 0,
            "min_numeric": 0,
            "min_special": 0,
            "min_upper": 0,
            "number": true,
            "override_special": "/@£$",
            "result": "l10g5G4$8EJCy9FL",
            "special": true,
            "upper": true
          },
          "sensitive_attributes": [],
          "private": "eyJzY2hlbWFfdmVyc2lvbiI6IjEifQ==",
          "dependencies": [
            "google_compute_global_address.private_ip_address",
            "google_service_networking_connection.private_vpc_connection"
          ]
        }
      ]
    },
    {
      "module": "module.db",
      "mode": "managed",
      "type": "random_string",
      "name": "db_user_password",
      "provider": "provider[\"registry.terraform.io/hashicorp/random\"]",
      "instances": [
        {
          "schema_version": 1,
          "attributes": {
            "id": "o5UIWo�s7EQJH1d�",
            "keepers": null,
            "length": 16,
            "lower": true,
            "min_lower": 0,
            "min_numeric": 0,
            "min_special": 0,
            "min_upper": 0,
            "number": true,
            "override_special": "/@£$",
            "result": "o5UIWo�s7EQJH1d�",
            "special": true,
            "upper": true
          },
          "sensitive_attributes": [],
          "private": "eyJzY2hlbWFfdmVyc2lvbiI6IjEifQ==",
          "dependencies": [
            "google_compute_global_address.private_ip_address",
            "google_service_networking_connection.private_vpc_connection"
          ]
        }
      ]
    },
    {
      "module": "module.run_app_rest",
      "mode": "managed",
      "type": "google_cloud_run_service",
      "name": "app_service",
      "provider": "provider[\"registry.terraform.io/hashicorp/google\"]",
      "instances": [
        {
          "schema_version": 1,
          "attributes": {
            "autogenerate_revision_name": true,
            "id": "locations/europe-west1/namespaces/steam-current-329713/services/cinema-rest",
            "location": "europe-west1",
            "metadata": [
              {
                "annotations": {
                  "run.googleapis.com/ingress": "all",
                  "run.googleapis.com/ingress-status": "all",
                  "serving.knative.dev/creator": "admin-524@steam-current-329713.iam.gserviceaccount.com",
                  "serving.knative.dev/lastModifier": "admin-524@steam-current-329713.iam.gserviceaccount.com"
                },
                "generation": 1,
                "labels": {
                  "cloud.googleapis.com/location": "europe-west1"
                },
                "namespace": "steam-current-329713",
                "resource_version": "AAXS9lS9YBk",
                "self_link": "/apis/serving.knative.dev/v1/namespaces/750903720791/services/cinema-rest",
                "uid": "98c35f69-7814-4896-b145-e53ea4dfc44e"
              }
            ],
            "name": "cinema-rest",
            "project": "steam-current-329713",
            "status": [
              {
                "conditions": [
                  {
                    "message": "",
                    "reason": "",
                    "status": "True",
                    "type": "Ready"
                  },
                  {
                    "message": "",
                    "reason": "",
                    "status": "True",
                    "type": "ConfigurationsReady"
                  },
                  {
                    "message": "",
                    "reason": "",
                    "status": "True",
                    "type": "RoutesReady"
                  }
                ],
                "latest_created_revision_name": "cinema-rest-djmnk",
                "latest_ready_revision_name": "cinema-rest-djmnk",
                "observed_generation": 1,
                "url": "https://cinema-rest-tr4qj3rx5a-ew.a.run.app"
              }
            ],
            "template": [
              {
                "metadata": [
                  {
                    "annotations": {
                      "autoscaling.knative.dev/maxScale": "1",
                      "run.googleapis.com/cloudsql-instances": "steam-current-329713:europe-west1:cinema-host",
                      "run.googleapis.com/vpc-access-connector": "projects/steam-current-329713/locations/europe-west1/connectors/cinema-service-connector",
                      "run.googleapis.com/vpc-access-egress": "private-ranges-only"
                    },
                    "generation": 0,
                    "labels": null,
                    "name": "",
                    "namespace": "",
                    "resource_version": "",
                    "self_link": "",
                    "uid": ""
                  }
                ],
                "spec": [
                  {
                    "container_concurrency": 80,
                    "containers": [
                      {
                        "args": null,
                        "command": null,
                        "env": [
                          {
                            "name": "POSTGRES_HOST",
                            "value": "10.66.0.3"
                          }
                        ],
                        "env_from": [],
                        "image": "eu.gcr.io/steam-current-329713/cinema:1.0-SNAPSHOT",
                        "ports": [
                          {
                            "container_port": 8080,
                            "name": "http1",
                            "protocol": ""
                          }
                        ],
                        "resources": [
                          {
                            "limits": {
                              "cpu": "1000m",
                              "memory": "512Mi"
                            },
                            "requests": {}
                          }
                        ],
                        "working_dir": ""
                      }
                    ],
                    "service_account_name": "service-account-db@steam-current-329713.iam.gserviceaccount.com",
                    "serving_state": "",
                    "timeout_seconds": 300
                  }
                ]
              }
            ],
            "timeouts": null,
            "traffic": [
              {
                "latest_revision": true,
                "percent": 100,
                "revision_name": ""
              }
            ]
          },
          "sensitive_attributes": [],
          "private": "eyJlMmJmYjczMC1lY2FhLTExZTYtOGY4OC0zNDM2M2JjN2M0YzAiOnsiY3JlYXRlIjozNjAwMDAwMDAwMDAsImRlbGV0ZSI6MjQwMDAwMDAwMDAwLCJ1cGRhdGUiOjkwMDAwMDAwMDAwMH0sInNjaGVtYV92ZXJzaW9uIjoiMSJ9",
          "dependencies": [
            "google_service_account.account",
            "google_service_networking_connection.private_vpc_connection",
            "google_vpc_access_connector.connector",
            "module.db.google_sql_database_instance.db_postgres"
          ]
        }
      ]
    }
  ]
}
